
Microsoft Visual Studio Solution File, Format Version 12.00
# Visual Studio Version 16
VisualStudioVersion = 16.0.33801.447
MinimumVisualStudioVersion = 10.0.40219.1
Project("{FAE04EC0-301F-11D3-BF4B-00C04F79EFBC}") = "WpfApp1", "WpfApp1\WpfApp1.csproj", "{26E288E5-9FF6-40BF-8F70-2D89FAABE125}"
EndProject
Global
	GlobalSection(SolutionConfigurationPlatforms) = preSolution
		Debug|Any CPU = Debug|Any CPU
		Release|Any CPU = Release|Any CPU
	EndGlobalSection
	GlobalSection(ProjectConfigurationPlatforms) = postSolution
		{26E288E5-9FF6-40BF-8F70-2D89FAABE125}.Debug|Any CPU.ActiveCfg = Debug|Any CPU
		{26E288E5-9FF6-40BF-8F70-2D89FAABE125}.Debug|Any CPU.Build.0 = Debug|Any CPU
		{26E288E5-9FF6-40BF-8F70-2D89FAABE125}.Release|Any CPU.ActiveCfg = Release|Any CPU
		{26E288E5-9FF6-40BF-8F70-2D89FAABE125}.Release|Any CPU.Build.0 = Release|Any CPU
	EndGlobalSection
	GlobalSection(SolutionProperties) = preSolution
		HideSolutionNode = FALSE
	EndGlobalSection
	GlobalSection(ExtensibilityGlobals) = postSolution
		SolutionGuid = {B33D2F42-0115-49D7-8A9B-2108168E5826}
	EndGlobalSection
EndGlobal
